
Microsoft Visual Studio Solution File, Format Version 12.00
# Visual Studio Version 17
VisualStudioVersion = 17.5.002.0
MinimumVisualStudioVersion = 10.0.40219.1
Project("{2150E333-8FDC-42A3-9474-1A3956D46DE8}") = "week01", "week01", "{D4589AC8-D7F3-4987-9156-1A870AB94B4F}"
EndProject
Project("{9A19103F-16F7-4668-BE54-9A1E7A4F7556}") = "code", "week01\code\code.csproj", "{52D53507-97FF-4A73-AC08-EB962B189F77}"
EndProject
Project("{9A19103F-16F7-4668-BE54-9A1E7A4F7556}") = "analyze", "week01\analyze\analyze.csproj", "{FFAF8636-9078-4C6B-B189-B32C1FBDA7E1}"
EndProject
Project("{9A19103F-16F7-4668-BE54-9A1E7A4F7556}") = "teach", "week01\teach\teach.csproj", "{6DA3F69A-9A75-4A45-9806-742B13D17F45}"
EndProject
Project("{2150E333-8FDC-42A3-9474-1A3956D46DE8}") = "week06", "week06", "{E31639C2-2110-44C1-ADB8-8EEED2D879A7}"
EndProject
Project("{9A19103F-16F7-4668-BE54-9A1E7A4F7556}") = "code", "week06\code\code.csproj", "{6A2B8C2E-A17F-4B49-956C-197F6DF34C56}"
EndProject
Project("{2150E333-8FDC-42A3-9474-1A3956D46DE8}") = "sandbox", "sandbox", "{ED4ED9C6-BD43-4659-B829-49BE13FD4E87}"
EndProject
Project("{9A19103F-16F7-4668-BE54-9A1E7A4F7556}") = "sandbox_project", "sandbox\sandbox_project\sandbox_project.csproj", "{A1D94B60-B5C0-4F87-AD87-76AD35143868}"
EndProject
Project("{2150E333-8FDC-42A3-9474-1A3956D46DE8}") = "week05", "week05", "{29163CE7-CEA4-4222-945E-9BE184FFA05D}"
EndProject
Project("{9A19103F-16F7-4668-BE54-9A1E7A4F7556}") = "code", "week05\code\code.csproj", "{2E48BA33-D142-410B-90A6-0BE300D70393}"
EndProject
Project("{2150E333-8FDC-42A3-9474-1A3956D46DE8}") = "week02", "week02", "{6D1DF621-C68B-442C-BD31-2D4F6854A7B1}"
EndProject
Project("{9A19103F-16F7-4668-BE54-9A1E7A4F7556}") = "learn", "week02\learn\learn.csproj", "{3ADB4941-F4C0-4633-8AC4-43D4C0B734D4}"
EndProject
Project("{9A19103F-16F7-4668-BE54-9A1E7A4F7556}") = "code", "week02\code\code.csproj", "{D65FD4C5-089D-4962-B3A4-5A3D3D73C0EB}"
EndProject
Project("{9A19103F-16F7-4668-BE54-9A1E7A4F7556}") = "analyze", "week02\analyze\analyze.csproj", "{C5F0C426-3F9E-4028-AA6F-172986812D59}"
EndProject
Project("{9A19103F-16F7-4668-BE54-9A1E7A4F7556}") = "teach", "week02\teach\teach.csproj", "{1A70C8DC-6752-477D-92A3-DFABBA109DCF}"
EndProject
Project("{2150E333-8FDC-42A3-9474-1A3956D46DE8}") = "week03", "week03", "{6EE1FF05-7C4D-452C-847E-F5A95CFAD167}"
EndProject
Project("{9A19103F-16F7-4668-BE54-9A1E7A4F7556}") = "learn", "week03\learn\learn.csproj", "{3B707908-2400-4803-914C-BEF3A418669C}"
EndProject
Project("{9A19103F-16F7-4668-BE54-9A1E7A4F7556}") = "code", "week03\code\code.csproj", "{ED50BF22-3B22-4076-8A88-F002D03DEB65}"
EndProject
Project("{9A19103F-16F7-4668-BE54-9A1E7A4F7556}") = "teach", "week03\teach\teach.csproj", "{12372D06-6EC6-4D01-84D0-368C14BD2758}"
EndProject
Project("{2150E333-8FDC-42A3-9474-1A3956D46DE8}") = "week04", "week04", "{6901DA93-DCAD-4534-975B-C1F8A0828DAD}"
EndProject
Project("{9A19103F-16F7-4668-BE54-9A1E7A4F7556}") = "code", "week04\code\code.csproj", "{9EB00292-2770-44E0-924A-AA0A16AA3930}"
EndProject
Global
	GlobalSection(SolutionConfigurationPlatforms) = preSolution
		Debug|Any CPU = Debug|Any CPU
		Release|Any CPU = Release|Any CPU
	EndGlobalSection
	GlobalSection(ProjectConfigurationPlatforms) = postSolution
		{52D53507-97FF-4A73-AC08-EB962B189F77}.Debug|Any CPU.ActiveCfg = Debug|Any CPU
		{52D53507-97FF-4A73-AC08-EB962B189F77}.Debug|Any CPU.Build.0 = Debug|Any CPU
		{52D53507-97FF-4A73-AC08-EB962B189F77}.Release|Any CPU.ActiveCfg = Release|Any CPU
		{52D53507-97FF-4A73-AC08-EB962B189F77}.Release|Any CPU.Build.0 = Release|Any CPU
		{FFAF8636-9078-4C6B-B189-B32C1FBDA7E1}.Debug|Any CPU.ActiveCfg = Debug|Any CPU
		{FFAF8636-9078-4C6B-B189-B32C1FBDA7E1}.Debug|Any CPU.Build.0 = Debug|Any CPU
		{FFAF8636-9078-4C6B-B189-B32C1FBDA7E1}.Release|Any CPU.ActiveCfg = Release|Any CPU
		{FFAF8636-9078-4C6B-B189-B32C1FBDA7E1}.Release|Any CPU.Build.0 = Release|Any CPU
		{6DA3F69A-9A75-4A45-9806-742B13D17F45}.Debug|Any CPU.ActiveCfg = Debug|Any CPU
		{6DA3F69A-9A75-4A45-9806-742B13D17F45}.Debug|Any CPU.Build.0 = Debug|Any CPU
		{6DA3F69A-9A75-4A45-9806-742B13D17F45}.Release|Any CPU.ActiveCfg = Release|Any CPU
		{6DA3F69A-9A75-4A45-9806-742B13D17F45}.Release|Any CPU.Build.0 = Release|Any CPU
		{6A2B8C2E-A17F-4B49-956C-197F6DF34C56}.Debug|Any CPU.ActiveCfg = Debug|Any CPU
		{6A2B8C2E-A17F-4B49-956C-197F6DF34C56}.Debug|Any CPU.Build.0 = Debug|Any CPU
		{6A2B8C2E-A17F-4B49-956C-197F6DF34C56}.Release|Any CPU.ActiveCfg = Release|Any CPU
		{6A2B8C2E-A17F-4B49-956C-197F6DF34C56}.Release|Any CPU.Build.0 = Release|Any CPU
		{A1D94B60-B5C0-4F87-AD87-76AD35143868}.Debug|Any CPU.ActiveCfg = Debug|Any CPU
		{A1D94B60-B5C0-4F87-AD87-76AD35143868}.Debug|Any CPU.Build.0 = Debug|Any CPU
		{A1D94B60-B5C0-4F87-AD87-76AD35143868}.Release|Any CPU.ActiveCfg = Release|Any CPU
		{A1D94B60-B5C0-4F87-AD87-76AD35143868}.Release|Any CPU.Build.0 = Release|Any CPU
		{2E48BA33-D142-410B-90A6-0BE300D70393}.Debug|Any CPU.ActiveCfg = Debug|Any CPU
		{2E48BA33-D142-410B-90A6-0BE300D70393}.Debug|Any CPU.Build.0 = Debug|Any CPU
		{2E48BA33-D142-410B-90A6-0BE300D70393}.Release|Any CPU.ActiveCfg = Release|Any CPU
		{2E48BA33-D142-410B-90A6-0BE300D70393}.Release|Any CPU.Build.0 = Release|Any CPU
		{3ADB4941-F4C0-4633-8AC4-43D4C0B734D4}.Debug|Any CPU.ActiveCfg = Debug|Any CPU
		{3ADB4941-F4C0-4633-8AC4-43D4C0B734D4}.Debug|Any CPU.Build.0 = Debug|Any CPU
		{3ADB4941-F4C0-4633-8AC4-43D4C0B734D4}.Release|Any CPU.ActiveCfg = Release|Any CPU
		{3ADB4941-F4C0-4633-8AC4-43D4C0B734D4}.Release|Any CPU.Build.0 = Release|Any CPU
		{D65FD4C5-089D-4962-B3A4-5A3D3D73C0EB}.Debug|Any CPU.ActiveCfg = Debug|Any CPU
		{D65FD4C5-089D-4962-B3A4-5A3D3D73C0EB}.Debug|Any CPU.Build.0 = Debug|Any CPU
		{D65FD4C5-089D-4962-B3A4-5A3D3D73C0EB}.Release|Any CPU.ActiveCfg = Release|Any CPU
		{D65FD4C5-089D-4962-B3A4-5A3D3D73C0EB}.Release|Any CPU.Build.0 = Release|Any CPU
		{C5F0C426-3F9E-4028-AA6F-172986812D59}.Debug|Any CPU.ActiveCfg = Debug|Any CPU
		{C5F0C426-3F9E-4028-AA6F-172986812D59}.Debug|Any CPU.Build.0 = Debug|Any CPU
		{C5F0C426-3F9E-4028-AA6F-172986812D59}.Release|Any CPU.ActiveCfg = Release|Any CPU
		{C5F0C426-3F9E-4028-AA6F-172986812D59}.Release|Any CPU.Build.0 = Release|Any CPU
		{1A70C8DC-6752-477D-92A3-DFABBA109DCF}.Debug|Any CPU.ActiveCfg = Debug|Any CPU
		{1A70C8DC-6752-477D-92A3-DFABBA109DCF}.Debug|Any CPU.Build.0 = Debug|Any CPU
		{1A70C8DC-6752-477D-92A3-DFABBA109DCF}.Release|Any CPU.ActiveCfg = Release|Any CPU
		{1A70C8DC-6752-477D-92A3-DFABBA109DCF}.Release|Any CPU.Build.0 = Release|Any CPU
		{3B707908-2400-4803-914C-BEF3A418669C}.Debug|Any CPU.ActiveCfg = Debug|Any CPU
		{3B707908-2400-4803-914C-BEF3A418669C}.Debug|Any CPU.Build.0 = Debug|Any CPU
		{3B707908-2400-4803-914C-BEF3A418669C}.Release|Any CPU.ActiveCfg = Release|Any CPU
		{3B707908-2400-4803-914C-BEF3A418669C}.Release|Any CPU.Build.0 = Release|Any CPU
		{ED50BF22-3B22-4076-8A88-F002D03DEB65}.Debug|Any CPU.ActiveCfg = Debug|Any CPU
		{ED50BF22-3B22-4076-8A88-F002D03DEB65}.Debug|Any CPU.Build.0 = Debug|Any CPU
		{ED50BF22-3B22-4076-8A88-F002D03DEB65}.Release|Any CPU.ActiveCfg = Release|Any CPU
		{ED50BF22-3B22-4076-8A88-F002D03DEB65}.Release|Any CPU.Build.0 = Release|Any CPU
		{12372D06-6EC6-4D01-84D0-368C14BD2758}.Debug|Any CPU.ActiveCfg = Debug|Any CPU
		{12372D06-6EC6-4D01-84D0-368C14BD2758}.Debug|Any CPU.Build.0 = Debug|Any CPU
		{12372D06-6EC6-4D01-84D0-368C14BD2758}.Release|Any CPU.ActiveCfg = Release|Any CPU
		{12372D06-6EC6-4D01-84D0-368C14BD2758}.Release|Any CPU.Build.0 = Release|Any CPU
		{9EB00292-2770-44E0-924A-AA0A16AA3930}.Debug|Any CPU.ActiveCfg = Debug|Any CPU
		{9EB00292-2770-44E0-924A-AA0A16AA3930}.Debug|Any CPU.Build.0 = Debug|Any CPU
		{9EB00292-2770-44E0-924A-AA0A16AA3930}.Release|Any CPU.ActiveCfg = Release|Any CPU
		{9EB00292-2770-44E0-924A-AA0A16AA3930}.Release|Any CPU.Build.0 = Release|Any CPU
	EndGlobalSection
	GlobalSection(SolutionProperties) = preSolution
		HideSolutionNode = FALSE
	EndGlobalSection
	GlobalSection(NestedProjects) = preSolution
		{52D53507-97FF-4A73-AC08-EB962B189F77} = {D4589AC8-D7F3-4987-9156-1A870AB94B4F}
		{FFAF8636-9078-4C6B-B189-B32C1FBDA7E1} = {D4589AC8-D7F3-4987-9156-1A870AB94B4F}
		{6DA3F69A-9A75-4A45-9806-742B13D17F45} = {D4589AC8-D7F3-4987-9156-1A870AB94B4F}
		{6A2B8C2E-A17F-4B49-956C-197F6DF34C56} = {E31639C2-2110-44C1-ADB8-8EEED2D879A7}
		{A1D94B60-B5C0-4F87-AD87-76AD35143868} = {ED4ED9C6-BD43-4659-B829-49BE13FD4E87}
		{2E48BA33-D142-410B-90A6-0BE300D70393} = {29163CE7-CEA4-4222-945E-9BE184FFA05D}
		{3ADB4941-F4C0-4633-8AC4-43D4C0B734D4} = {6D1DF621-C68B-442C-BD31-2D4F6854A7B1}
		{D65FD4C5-089D-4962-B3A4-5A3D3D73C0EB} = {6D1DF621-C68B-442C-BD31-2D4F6854A7B1}
		{C5F0C426-3F9E-4028-AA6F-172986812D59} = {6D1DF621-C68B-442C-BD31-2D4F6854A7B1}
		{1A70C8DC-6752-477D-92A3-DFABBA109DCF} = {6D1DF621-C68B-442C-BD31-2D4F6854A7B1}
		{3B707908-2400-4803-914C-BEF3A418669C} = {6EE1FF05-7C4D-452C-847E-F5A95CFAD167}
		{ED50BF22-3B22-4076-8A88-F002D03DEB65} = {6EE1FF05-7C4D-452C-847E-F5A95CFAD167}
		{12372D06-6EC6-4D01-84D0-368C14BD2758} = {6EE1FF05-7C4D-452C-847E-F5A95CFAD167}
		{9EB00292-2770-44E0-924A-AA0A16AA3930} = {6901DA93-DCAD-4534-975B-C1F8A0828DAD}
	EndGlobalSection
	GlobalSection(ExtensibilityGlobals) = postSolution
		SolutionGuid = {725727EB-D624-4518-AD12-5265A383C878}
	EndGlobalSection
EndGlobal
